
Microsoft Visual Studio Solution File, Format Version 12.00
# Visual Studio 15
VisualStudioVersion = 15.0.27703.2026
MinimumVisualStudioVersion = 10.0.40219.1
Project("{8BC9CEB8-8B4A-11D0-8D11-00A0C91BC942}") = "nms_cuda_kernel", "nms_cuda_kernel\nms_cuda_kernel.vcxproj", "{36817094-27A6-459D-93E6-90E3BAA54E8F}"
EndProject
Project("{8BC9CEB8-8B4A-11D0-8D11-00A0C91BC942}") = "roi_pooling", "roi_pooling\roi_pooling.vcxproj", "{3661D15F-7536-4032-A40C-DC2B01D87309}"
EndProject
Project("{8BC9CEB8-8B4A-11D0-8D11-00A0C91BC942}") = "roi_align_kernel", "roi_align_kernel\roi_align_kernel.vcxproj", "{59FA4733-A0E8-496B-BE95-C79DDABFFB3A}"
EndProject
Project("{8BC9CEB8-8B4A-11D0-8D11-00A0C91BC942}") = "roi_crop_cuda_kernel", "roi_crop_cuda_kernel\roi_crop_cuda_kernel.vcxproj", "{8E8F236A-0907-43D8-B965-4598A8D63747}"
EndProject
Project("{2150E333-8FDC-42A3-9474-1A3956D46DE8}") = "Solution Items", "Solution Items", "{81BE613E-93C2-4421-B8B8-BB0F8B11067B}"
	ProjectSection(SolutionItems) = preProject
		README.md = README.md
	EndProjectSection
EndProject
Global
	GlobalSection(SolutionConfigurationPlatforms) = preSolution
		Debug|x64 = Debug|x64
		Release|x64 = Release|x64
	EndGlobalSection
	GlobalSection(ProjectConfigurationPlatforms) = postSolution
		{36817094-27A6-459D-93E6-90E3BAA54E8F}.Debug|x64.ActiveCfg = Debug|x64
		{36817094-27A6-459D-93E6-90E3BAA54E8F}.Debug|x64.Build.0 = Debug|x64
		{36817094-27A6-459D-93E6-90E3BAA54E8F}.Release|x64.ActiveCfg = Release|x64
		{36817094-27A6-459D-93E6-90E3BAA54E8F}.Release|x64.Build.0 = Release|x64
		{3661D15F-7536-4032-A40C-DC2B01D87309}.Debug|x64.ActiveCfg = Debug|x64
		{3661D15F-7536-4032-A40C-DC2B01D87309}.Debug|x64.Build.0 = Debug|x64
		{3661D15F-7536-4032-A40C-DC2B01D87309}.Release|x64.ActiveCfg = Release|x64
		{3661D15F-7536-4032-A40C-DC2B01D87309}.Release|x64.Build.0 = Release|x64
		{59FA4733-A0E8-496B-BE95-C79DDABFFB3A}.Debug|x64.ActiveCfg = Debug|x64
		{59FA4733-A0E8-496B-BE95-C79DDABFFB3A}.Debug|x64.Build.0 = Debug|x64
		{59FA4733-A0E8-496B-BE95-C79DDABFFB3A}.Release|x64.ActiveCfg = Release|x64
		{59FA4733-A0E8-496B-BE95-C79DDABFFB3A}.Release|x64.Build.0 = Release|x64
		{8E8F236A-0907-43D8-B965-4598A8D63747}.Debug|x64.ActiveCfg = Debug|x64
		{8E8F236A-0907-43D8-B965-4598A8D63747}.Debug|x64.Build.0 = Debug|x64
		{8E8F236A-0907-43D8-B965-4598A8D63747}.Release|x64.ActiveCfg = Release|x64
		{8E8F236A-0907-43D8-B965-4598A8D63747}.Release|x64.Build.0 = Release|x64
	EndGlobalSection
	GlobalSection(SolutionProperties) = preSolution
		HideSolutionNode = FALSE
	EndGlobalSection
	GlobalSection(ExtensibilityGlobals) = postSolution
		SolutionGuid = {4CE26216-8410-4562-87BA-B880790D0E23}
	EndGlobalSection
EndGlobal
